
Microsoft Visual Studio Solution File, Format Version 12.00
# Visual Studio 15
VisualStudioVersion = 15.0.28307.489
MinimumVisualStudioVersion = 10.0.40219.1
Project("{FAE04EC0-301F-11D3-BF4B-00C04F79EFBC}") = "StockMgmt", "StockMgmt\StockMgmt.csproj", "{903D8848-051E-4DCC-B299-5B1678D12B60}"
EndProject
Project("{FAE04EC0-301F-11D3-BF4B-00C04F79EFBC}") = "DbClass", "DbClass\DbClass.csproj", "{DF0710C6-6E08-4370-98D6-021B81E607F4}"
EndProject
Global
	GlobalSection(SolutionConfigurationPlatforms) = preSolution
		Debug|Any CPU = Debug|Any CPU
		Release|Any CPU = Release|Any CPU
	EndGlobalSection
	GlobalSection(ProjectConfigurationPlatforms) = postSolution
		{903D8848-051E-4DCC-B299-5B1678D12B60}.Debug|Any CPU.ActiveCfg = Debug|Any CPU
		{903D8848-051E-4DCC-B299-5B1678D12B60}.Debug|Any CPU.Build.0 = Debug|Any CPU
		{903D8848-051E-4DCC-B299-5B1678D12B60}.Release|Any CPU.ActiveCfg = Release|Any CPU
		{903D8848-051E-4DCC-B299-5B1678D12B60}.Release|Any CPU.Build.0 = Release|Any CPU
		{DF0710C6-6E08-4370-98D6-021B81E607F4}.Debug|Any CPU.ActiveCfg = Debug|Any CPU
		{DF0710C6-6E08-4370-98D6-021B81E607F4}.Debug|Any CPU.Build.0 = Debug|Any CPU
		{DF0710C6-6E08-4370-98D6-021B81E607F4}.Release|Any CPU.ActiveCfg = Release|Any CPU
		{DF0710C6-6E08-4370-98D6-021B81E607F4}.Release|Any CPU.Build.0 = Release|Any CPU
	EndGlobalSection
	GlobalSection(SolutionProperties) = preSolution
		HideSolutionNode = FALSE
	EndGlobalSection
	GlobalSection(ExtensibilityGlobals) = postSolution
		SolutionGuid = {0B3263E7-2733-4392-8B37-E774BD850D14}
	EndGlobalSection
EndGlobal
